hash: 37a44159f052019502e3fa7379f5fb92b9a9a5fa7bbc2dbaf7d4d3aa0c44f695
updated: 2016-09-06T17:49:12.271668528-06:00
imports:
- name: github.com/deis/pkg
  version: 189ed6bd6b6aa6629b72c2c5472095e176eec8a6
  subpackages:
  - utils
- name: github.com/minio/minio-go
  version: c5884ce9ce3ac73b025d0bc58c4d3d72870edc0b
- name: gopkg.in/natefinch/lumberjack.v2
  version: 600ceb4523e5b7ff745f91083c8a023c2bf73af5
- name: gopkg.in/olivere/elastic.v2
  version: 444684342d4c12c7c05bed13bd249034370840a9
- name: gopkg.in/tomb.v1
  version: dd632973f1e7218eb1089048e0798ec9ae7dceb8
- name: gopkg.in/v2/yaml
  version: a83829b6f1293c91addabc89d0571c246397bbf4
- name: gopkg.in/yaml.v2
  version: a83829b6f1293c91addabc89d0571c246397bbf4
- name: speter.net/go/exp/math/dec/inf
  version: 46a40649338836f5d25521ce343379da79ef2184
  repo: https://github.com/belua/inf
  vcs: git
testImports: []
